// !$*UTF8*$!
{
	archiveVersion = 1;
	classes = {
	};
	objectVersion = 46;
	objects = {

/* Begin PBXBuildFile section */
		10ACF9771EC6AD0C005D31CA /* AppDelegate.swift in Sources */ = {isa = PBXBuildFile; fileRef = 10ACF9761EC6AD0C005D31CA /* AppDelegate.swift */; };
		10ACF9791EC6AD0C005D31CA /* ViewController.swift in Sources */ = {isa = PBXBuildFile; fileRef = 10ACF9781EC6AD0C005D31CA /* ViewController.swift */; };
		10ACF97C1EC6AD0C005D31CA /* Main.storyboard in Resources */ = {isa = PBXBuildFile; fileRef = 10ACF97A1EC6AD0C005D31CA /* Main.storyboard */; };
		10ACF97E1EC6AD0C005D31CA /* Assets.xcassets in Resources */ = {isa = PBXBuildFile; fileRef = 10ACF97D1EC6AD0C005D31CA /* Assets.xcassets */; };
		10ACF9811EC6AD0C005D31CA /* LaunchScreen.storyboard in Resources */ = {isa = PBXBuildFile; fileRef = 10ACF97F1EC6AD0C005D31CA /* LaunchScreen.storyboard */; };
/* End PBXBuildFile section */

/* Begin PBXFileReference section */
		10ACF9731EC6AD0C005D31CA /* TestingFinal.app */ = {isa = PBXFileReference; explicitFileType = wrapper.application; includeInIndex = 0; path = TestingFinal.app; sourceTree = BUILT_PRODUCTS_DIR; };
		10ACF9761EC6AD0C005D31CA /* AppDelegate.swift */ = {isa = PBXFileReference; lastKnownFileType = sourcecode.swift; path = AppDelegate.swift; sourceTree = "<group>"; };
		10ACF9781EC6AD0C005D31CA /* ViewController.swift */ = {isa = PBXFileReference; lastKnownFileType = sourcecode.swift; path = ViewController.swift; sourceTree = "<group>"; };
		10ACF97B1EC6AD0C005D31CA /* Base */ = {isa = PBXFileReference; lastKnownFileType = file.storyboard; name = Base; path = Base.lproj/Main.storyboard; sourceTree = "<group>"; };
		10ACF97D1EC6AD0C005D31CA /* Assets.xcassets */ = {isa = PBXFileReference; lastKnownFileType = folder.assetcatalog; path = Assets.xcassets; sourceTree = "<group>"; };
		10ACF9801EC6AD0C005D31CA /* Base */ = {isa = PBXFileReference; lastKnownFileType = file.storyboard; name = Base; path = Base.lproj/LaunchScreen.storyboard; sourceTree = "<group>"; };
		10ACF9821EC6AD0C005D31CA /* Info.plist */ = {isa = PBXFileReference; lastKnownFileType = text.plist.xml; path = Info.plist; sourceTree = "<group>"; };
/* End PBXFileReference section */

/* Begin PBXFrameworksBuildPhase section */
		10ACF9701EC6AD0C005D31CA /* Frameworks */ = {
			isa = PBXFrameworksBuildPhase;
			buildActionMask = 2147483647;
			files = (
			);
			runOnlyForDeploymentPostprocessing = 0;
		};
/* End PBXFrameworksBuildPhase section */

/* Begin PBXGroup section */
		10ACF96A1EC6AD0C005D31CA = {
			isa = PBXGroup;
			children = (
				10ACF9751EC6AD0C005D31CA /* TestingFinal */,
				10ACF9741EC6AD0C005D31CA /* Products */,
			);
			sourceTree = "<group>";
		};
		10ACF9741EC6AD0C005D31CA /* Products */ = {
			isa = PBXGroup;
			children = (
				10ACF9731EC6AD0C005D31CA /* TestingFinal.app */,
			);
			name = Products;
			sourceTree = "<group>";
		};
		10ACF9751EC6AD0C005D31CA /* TestingFinal */ = {
			isa = PBXGroup;
			children = (
				10ACF9761EC6AD0C005D31CA /* AppDelegate.swift */,
				10ACF9781EC6AD0C005D31CA /* ViewController.swift */,
				10ACF97A1EC6AD0C005D31CA /* Main.storyboard */,
				10ACF97D1EC6AD0C005D31CA /* Assets.xcassets */,
				10ACF97F1EC6AD0C005D31CA /* LaunchScreen.storyboard */,
				10ACF9821EC6AD0C005D31CA /* Info.plist */,
			);
			path = TestingFinal;
			sourceTree = "<group>";
		};
/* End PBXGroup section */

/* Begin PBXNativeTarget section */
		10ACF9721EC6AD0C005D31CA /* TestingFinal */ = {
			isa = PBXNativeTarget;
			buildConfigurationList = 10ACF9851EC6AD0C005D31CA /* Build configuration list for PBXNativeTarget "TestingFinal" */;
			buildPhases = (
				10ACF96F1EC6AD0C005D31CA /* Sources */,
				10ACF9701EC6AD0C005D31CA /* Frameworks */,
				10ACF9711EC6AD0C005D31CA /* Resources */,
			);
			buildRules = (
			);
			dependencies = (
			);
			name = TestingFinal;
			productName = TestingFinal;
			productReference = 10ACF9731EC6AD0C005D31CA /* TestingFinal.app */;
			productType = "com.apple.product-type.application";
		};
/* End PBXNativeTarget section */

/* Begin PBXProject section */
		10ACF96B1EC6AD0C005D31CA /* Project object */ = {
			isa = PBXProject;
			attributes = {
				LastSwiftUpdateCheck = 0830;
				LastUpgradeCheck = 0830;
				ORGANIZATIONNAME = SimpleAccess;
				TargetAttributes = {
					10ACF9721EC6AD0C005D31CA = {
						CreatedOnToolsVersion = 8.3.2;
						DevelopmentTeam = 9DEMC9G4V8;
						ProvisioningStyle = Automatic;
					};
				};
			};
			buildConfigurationList = 10ACF96E1EC6AD0C005D31CA /* Build configuration list for PBXProject "TestingFinal" */;
			compatibilityVersion = "Xcode 3.2";
			developmentRegion = English;
			hasScannedForEncodings = 0;
			knownRegions = (
				en,
				Base,
			);
			mainGroup = 10ACF96A1EC6AD0C005D31CA;
			productRefGroup = 10ACF9741EC6AD0C005D31CA /* Products */;
			projectDirPath = "";
			projectRoot = "";
			targets = (
				10ACF9721EC6AD0C005D31CA /* TestingFinal */,
			);
		};
/* End PBXProject section */

/* Begin PBXResourcesBuildPhase section */
		10ACF9711EC6AD0C005D31CA /* Resources */ = {
			isa = PBXResourcesBuildPhase;
			buildActionMask = 2147483647;
			files = (
				10ACF9811EC6AD0C005D31CA /* LaunchScreen.storyboard in Resources */,
				10ACF97E1EC6AD0C005D31CA /* Assets.xcassets in Resources */,
				10ACF97C1EC6AD0C005D31CA /* Main.storyboard in Resources */,
			);
			runOnlyForDeploymentPostprocessing = 0;
		};
/* End PBXResourcesBuildPhase section */

/* Begin PBXSourcesBuildPhase section */
		10ACF96F1EC6AD0C005D31CA /* Sources */ = {
			isa = PBXSourcesBuildPhase;
			buildActionMask = 2147483647;
			files = (
				10ACF9791EC6AD0C005D31CA /* ViewController.swift in Sources */,
				10ACF9771EC6AD0C005D31CA /* AppDelegate.swift in Sources */,
			);
			runOnlyForDeploymentPostprocessing = 0;
		};
/* End PBXSourcesBuildPhase section */

/* Begin PBXVariantGroup section */
		10ACF97A1EC6AD0C005D31CA /* Main.storyboard */ = {
			isa = PBXVariantGroup;
			children = (
				10ACF97B1EC6AD0C005D31CA /* Base */,
			);
			name = Main.storyboard;
			sourceTree = "<group>";
		};
		10ACF97F1EC6AD0C005D31CA /* LaunchScreen.storyboard */ = {
			isa = PBXVariantGroup;
			children = (
				10ACF9801EC6AD0C005D31CA /* Base */,
			);
			name = LaunchScreen.storyboard;
			sourceTree = "<group>";
		};
/* End PBXVariantGroup section */

/* Begin XCBuildConfiguration section */
		10ACF9831EC6AD0C005D31CA /* Debug */ = {
			isa = XCBuildConfiguration;
			buildSettings = {
				ALWAYS_SEARCH_USER_PATHS = NO;
				CLANG_ANALYZER_NONNULL = YES;
				CLANG_ANALYZER_NUMBER_OBJECT_CONVERSION = YES_AGGRESSIVE;
				CLANG_CXX_LANGUAGE_STANDARD = "gnu++0x";
				CLANG_CXX_LIBRARY = "libc++";
				CLANG_ENABLE_MODULES = YES;
				CLANG_ENABLE_OBJC_ARC = YES;
				CLANG_WARN_BOOL_CONVERSION = YES;
				CLANG_WARN_CONSTANT_CONVERSION = YES;
				CLANG_WARN_DIRECT_OBJC_ISA_USAGE = YES_ERROR;
				CLANG_WARN_DOCUMENTATION_COMMENTS = YES;
				CLANG_WARN_EMPTY_BODY = YES;
				CLANG_WARN_ENUM_CONVERSION = YES;
				CLANG_WARN_INFINITE_RECURSION = YES;
				CLANG_WARN_INT_CONVERSION = YES;
				CLANG_WARN_OBJC_ROOT_CLASS = YES_ERROR;
				CLANG_WARN_SUSPICIOUS_MOVE = YES;
				CLANG_WARN_UNREACHABLE_CODE = YES;
				CLANG_WARN__DUPLICATE_METHOD_MATCH = YES;
				"CODE_SIGN_IDENTITY[sdk=iphoneos*]" = "iPhone Developer";
				COPY_PHASE_STRIP = NO;
				DEBUG_INFORMATION_FORMAT = dwarf;
				ENABLE_STRICT_OBJC_MSGSEND = YES;
				ENABLE_TESTABILITY = YES;
				GCC_C_LANGUAGE_STANDARD = gnu99;
				GCC_DYNAMIC_NO_PIC = NO;
				GCC_NO_COMMON_BLOCKS = YES;
				GCC_OPTIMIZATION_LEVEL = 0;
				GCC_PREPROCESSOR_DEFINITIONS = (
					"DEBUG=1",
					"$(inherited)",
				);
				GCC_WARN_64_TO_32_BIT_CONVERSION = YES;
				GCC_WARN_ABOUT_RETURN_TYPE = YES_ERROR;
				GCC_WARN_UNDECLARED_SELECTOR = YES;
				GCC_WARN_UNINITIALIZED_AUTOS = YES_AGGRESSIVE;
				GCC_WARN_UNUSED_FUNCTION = YES;
				GCC_WARN_UNUSED_VARIABLE = YES;
				IPHONEOS_DEPLOYMENT_TARGET = 10.3;
				MTL_ENABLE_DEBUG_INFO = YES;
				ONLY_ACTIVE_ARCH = YES;
				SDKROOT = iphoneos;
				SWIFT_ACTIVE_COMPILATION_CONDITIONS = DEBUG;
				SWIFT_OPTIMIZATION_LEVEL = "-Onone";
				TARGETED_DEVICE_FAMILY = "1,2";
			};
			name = Debug;
		};
		10ACF9841EC6AD0C005D31CA /* Release */ = {
			isa = XCBuildConfiguration;
			buildSettings = {
				ALWAYS_SEARCH_USER_PATHS = NO;
				CLANG_ANALYZER_NONNULL = YES;
				CLANG_ANALYZER_NUMBER_OBJECT_CONVERSION = YES_AGGRESSIVE;
				CLANG_CXX_LANGUAGE_STANDARD = "gnu++0x";
				CLANG_CXX_LIBRARY = "libc++";
				CLANG_ENABLE_MODULES = YES;
				CLANG_ENABLE_OBJC_ARC = YES;
				CLANG_WARN_BOOL_CONVERSION = YES;
				CLANG_WARN_CONSTANT_CONVERSION = YES;
				CLANG_WARN_DIRECT_OBJC_ISA_USAGE = YES_ERROR;
				CLANG_WARN_DOCUMENTATION_COMMENTS = YES;
				CLANG_WARN_EMPTY_BODY = YES;
				CLANG_WARN_ENUM_CONVERSION = YES;
				CLANG_WARN_INFINITE_RECURSION = YES;
				CLANG_WARN_INT_CONVERSION = YES;
				CLANG_WARN_OBJC_ROOT_CLASS = YES_ERROR;
				CLANG_WARN_SUSPICIOUS_MOVE = YES;
				CLANG_WARN_UNREACHABLE_CODE = YES;
				CLANG_WARN__DUPLICATE_METHOD_MATCH = YES;
				"CODE_SIGN_IDENTITY[sdk=iphoneos*]" = "iPhone Developer";
				COPY_PHASE_STRIP = NO;
				DEBUG_INFORMATION_FORMAT = "dwarf-with-dsym";
				ENABLE_NS_ASSERTIONS = NO;
				ENABLE_STRICT_OBJC_MSGSEND = YES;
				GCC_C_LANGUAGE_STANDARD = gnu99;
				GCC_NO_COMMON_BLOCKS = YES;
				GCC_WARN_64_TO_32_BIT_CONVERSION = YES;
				GCC_WARN_ABOUT_RETURN_TYPE = YES_ERROR;
				GCC_WARN_UNDECLARED_SELECTOR = YES;
				GCC_WARN_UNINITIALIZED_AUTOS = YES_AGGRESSIVE;
				GCC_WARN_UNUSED_FUNCTION = YES;
				GCC_WARN_UNUSED_VARIABLE = YES;
				IPHONEOS_DEPLOYMENT_TARGET = 10.3;
				MTL_ENABLE_DEBUG_INFO = NO;
				SDKROOT = iphoneos;
				SWIFT_OPTIMIZATION_LEVEL = "-Owholemodule";
				TARGETED_DEVICE_FAMILY = "1,2";
				VALIDATE_PRODUCT = YES;
			};
			name = Release;
		};
		10ACF9861EC6AD0C005D31CA /* Debug */ = {
			isa = XCBuildConfiguration;
			buildSettings = {
				ASSETCATALOG_COMPILER_APPICON_NAME = AppIcon;
				DEVELOPMENT_TEAM = 9DEMC9G4V8;
				INFOPLIST_FILE = TestingFinal/Info.plist;
				LD_RUNPATH_SEARCH_PATHS = "$(inherited) @executable_path/Frameworks";
				PRODUCT_BUNDLE_IDENTIFIER = refael.TestingFinal;
				PRODUCT_NAME = "$(TARGET_NAME)";
				SWIFT_VERSION = 3.0;
			};
			name = Debug;
		};
		10ACF9871EC6AD0C005D31CA /* Release */ = {
			isa = XCBuildConfiguration;
			buildSettings = {
				ASSETCATALOG_COMPILER_APPICON_NAME = AppIcon;
				DEVELOPMENT_TEAM = 9DEMC9G4V8;
				INFOPLIST_FILE = TestingFinal/Info.plist;
				LD_RUNPATH_SEARCH_PATHS = "$(inherited) @executable_path/Frameworks";
				PRODUCT_BUNDLE_IDENTIFIER = refael.TestingFinal;
				PRODUCT_NAME = "$(TARGET_NAME)";
				SWIFT_VERSION = 3.0;
			};
			name = Release;
		};
/* End XCBuildConfiguration section */

/* Begin XCConfigurationList section */
		10ACF96E1EC6AD0C005D31CA /* Build configuration list for PBXProject "TestingFinal" */ = {
			isa = XCConfigurationList;
			buildConfigurations = (
				10ACF9831EC6AD0C005D31CA /* Debug */,
				10ACF9841EC6AD0C005D31CA /* Release */,
			);
			defaultConfigurationIsVisible = 0;
			defaultConfigurationName = Release;
		};
		10ACF9851EC6AD0C005D31CA /* Build configuration list for PBXNativeTarget "TestingFinal" */ = {
			isa = XCConfigurationList;
			buildConfigurations = (
				10ACF9861EC6AD0C005D31CA /* Debug */,
				10ACF9871EC6AD0C005D31CA /* Release */,
			);
			defaultConfigurationIsVisible = 0;
		};
/* End XCConfigurationList section */
	};
	rootObject = 10ACF96B1EC6AD0C005D31CA /* Project object */;
}
